{
  "version": 4,
  "terraform_version": "1.1.6",
  "serial": 2430,
  "lineage": "f4a8b33b-67c4-cc67-4ec6-add57d4c564f",
  "outputs": {
    "dashboard_url": {
      "value": "http://13.114.45.133",
      "type": "string"
    },
    "leader_private_ip": {
      "value": "172.16.15.49",
      "type": "string"
    },
    "leader_public_ip": {
      "value": "13.114.45.133",
      "type": "string"
    },
    "nodes_private_ip": {
      "value": [
        "172.16.5.34",
        "172.16.14.189",
        "172.16.5.140",
        "172.16.11.207"
      ],
      "type": [
        "tuple",
        [
          "string",
          "string",
          "string",
          "string"
        ]
      ]
    },
    "nodes_public_ip": {
      "value": [
        "54.238.191.59",
        "54.249.167.149",
        "18.177.137.11",
        "54.199.54.55"
      ],
      "type": [
        "tuple",
        [
          "string",
          "string",
          "string",
          "string"
        ]
      ]
    }
  },
  "resources": [
    {
      "mode": "data",
      "type": "aws_subnet",
      "name": "current",
      "provider": "provider[\"registry.terraform.io/hashicorp/aws\"]",
      "instances": [
        {
          "schema_version": 0,
          "attributes": {
            "arn": "arn:aws:ec2:ap-northeast-1:258248337883:subnet/subnet-0862ffc9571285251",
            "assign_ipv6_address_on_creation": false,
            "availability_zone": "ap-northeast-1a",
            "availability_zone_id": "apne1-az4",
            "available_ip_address_count": 4084,
            "cidr_block": "172.16.0.0/20",
            "customer_owned_ipv4_pool": "",
            "default_for_az": false,
            "enable_dns64": false,
            "enable_resource_name_dns_a_record_on_launch": false,
            "enable_resource_name_dns_aaaa_record_on_launch": false,
            "filter": [
              {
                "name": "tag:Name",
                "values": [
                  "VpcDevelopmentStack/VpcStack/PublicSubnet1"
                ]
              }
            ],
            "id": "subnet-0862ffc9571285251",
            "ipv6_cidr_block": "",
            "ipv6_cidr_block_association_id": "",
            "ipv6_native": false,
            "map_customer_owned_ip_on_launch": false,
            "map_public_ip_on_launch": true,
            "outpost_arn": "",
            "owner_id": "258248337883",
            "private_dns_hostname_type_on_launch": "ip-name",
            "state": "available",
            "tags": {
              "Name": "VpcDevelopmentStack/VpcStack/PublicSubnet1",
              "aws-cdk:subnet-name": "Public",
              "aws-cdk:subnet-type": "Public",
              "kubernetes.io/cluster/DevelopmentCluster": "shared",
              "kubernetes.io/cluster/DevelopmentClusterDemo": "shared",
              "kubernetes.io/cluster/DevelopmentClusterDemoNew": "shared",
              "kubernetes.io/role/elb": "1"
            },
            "vpc_id": "vpc-031951095f9bcb7db"
          },
          "sensitive_attributes": []
        }
      ]
    },
    {
      "module": "module.loadtest",
      "mode": "data",
      "type": "aws_ami",
      "name": "amazon_linux_2",
      "provider": "provider[\"registry.terraform.io/hashicorp/aws\"]",
      "instances": [
        {
          "schema_version": 0,
          "attributes": {
            "architecture": "x86_64",
            "arn": "arn:aws:ec2:ap-northeast-1::image/ami-0521a4a0a1329ff86",
            "block_device_mappings": [
              {
                "device_name": "/dev/xvda",
                "ebs": {
                  "delete_on_termination": "true",
                  "encrypted": "false",
                  "iops": "0",
                  "snapshot_id": "snap-079540eefa7d87d86",
                  "throughput": "0",
                  "volume_size": "8",
                  "volume_type": "gp2"
                },
                "no_device": "",
                "virtual_name": ""
              }
            ],
            "boot_mode": "",
            "creation_date": "2022-03-16T03:20:06.000Z",
            "description": "Amazon Linux 2 AMI 2.0.20220316.0 x86_64 HVM gp2",
            "ena_support": true,
            "executable_users": null,
            "filter": [
              {
                "name": "name",
                "values": [
                  "amzn2-ami-hvm*"
                ]
              },
              {
                "name": "owner-alias",
                "values": [
                  "amazon"
                ]
              }
            ],
            "hypervisor": "xen",
            "id": "ami-0521a4a0a1329ff86",
            "image_id": "ami-0521a4a0a1329ff86",
            "image_location": "amazon/amzn2-ami-hvm-2.0.20220316.0-x86_64-gp2",
            "image_owner_alias": "amazon",
            "image_type": "machine",
            "kernel_id": null,
            "most_recent": true,
            "name": "amzn2-ami-hvm-2.0.20220316.0-x86_64-gp2",
            "name_regex": null,
            "owner_id": "137112412989",
            "owners": [
              "amazon"
            ],
            "platform": null,
            "platform_details": "Linux/UNIX",
            "product_codes": [],
            "public": true,
            "ramdisk_id": null,
            "root_device_name": "/dev/xvda",
            "root_device_type": "ebs",
            "root_snapshot_id": "snap-079540eefa7d87d86",
            "sriov_net_support": "simple",
            "state": "available",
            "state_reason": {
              "code": "UNSET",
              "message": "UNSET"
            },
            "tags": {},
            "usage_operation": "RunInstances",
            "virtualization_type": "hvm"
          },
          "sensitive_attributes": []
        }
      ]
    },
    {
      "module": "module.loadtest",
      "mode": "data",
      "type": "aws_subnet",
      "name": "current",
      "provider": "provider[\"registry.terraform.io/hashicorp/aws\"]",
      "instances": [
        {
          "schema_version": 0,
          "attributes": {
            "arn": "arn:aws:ec2:ap-northeast-1:258248337883:subnet/subnet-0862ffc9571285251",
            "assign_ipv6_address_on_creation": false,
            "availability_zone": "ap-northeast-1a",
            "availability_zone_id": "apne1-az4",
            "available_ip_address_count": 4084,
            "cidr_block": "172.16.0.0/20",
            "customer_owned_ipv4_pool": "",
            "default_for_az": false,
            "enable_dns64": false,
            "enable_resource_name_dns_a_record_on_launch": false,
            "enable_resource_name_dns_aaaa_record_on_launch": false,
            "filter": null,
            "id": "subnet-0862ffc9571285251",
            "ipv6_cidr_block": "",
            "ipv6_cidr_block_association_id": "",
            "ipv6_native": false,
            "map_customer_owned_ip_on_launch": false,
            "map_public_ip_on_launch": true,
            "outpost_arn": "",
            "owner_id": "258248337883",
            "private_dns_hostname_type_on_launch": "ip-name",
            "state": "available",
            "tags": {
              "Name": "VpcDevelopmentStack/VpcStack/PublicSubnet1",
              "aws-cdk:subnet-name": "Public",
              "aws-cdk:subnet-type": "Public",
              "kubernetes.io/cluster/DevelopmentCluster": "shared",
              "kubernetes.io/cluster/DevelopmentClusterDemo": "shared",
              "kubernetes.io/cluster/DevelopmentClusterDemoNew": "shared",
              "kubernetes.io/role/elb": "1"
            },
            "vpc_id": "vpc-031951095f9bcb7db"
          },
          "sensitive_attributes": []
        }
      ]
    },
    {
      "module": "module.loadtest",
      "mode": "data",
      "type": "aws_vpc",
      "name": "current",
      "provider": "provider[\"registry.terraform.io/hashicorp/aws\"]",
      "instances": [
        {
          "schema_version": 0,
          "attributes": {
            "arn": "arn:aws:ec2:ap-northeast-1:258248337883:vpc/vpc-031951095f9bcb7db",
            "cidr_block": "172.16.0.0/16",
            "cidr_block_associations": [
              {
                "association_id": "vpc-cidr-assoc-0665e69f4754880e5",
                "cidr_block": "172.16.0.0/16",
                "state": "associated"
              }
            ],
            "default": false,
            "dhcp_options_id": "dopt-4380a524",
            "enable_dns_hostnames": true,
            "enable_dns_support": true,
            "filter": null,
            "id": "vpc-031951095f9bcb7db",
            "instance_tenancy": "default",
            "ipv6_association_id": "",
            "ipv6_cidr_block": "",
            "main_route_table_id": "rtb-066681bfa3fa1cafd",
            "owner_id": "258248337883",
            "state": null,
            "tags": {
              "Name": "VpcDevelopmentStack/VpcStack"
            }
          },
          "sensitive_attributes": []
        }
      ]
    },
    {
      "module": "module.loadtest",
      "mode": "managed",
      "type": "aws_iam_instance_profile",
      "name": "loadtest",
      "provider": "provider[\"registry.terraform.io/hashicorp/aws\"]",
      "instances": [
        {
          "schema_version": 0,
          "attributes": {
            "arn": "arn:aws:iam::258248337883:instance-profile/provision-name--devices",
            "create_date": "2022-03-24T07:42:51Z",
            "id": "provision-name--devices",
            "name": "provision-name--devices",
            "name_prefix": null,
            "path": "/",
            "role": "provision-name-loadtest-role-devices",
            "tags": null,
            "tags_all": {},
            "unique_id": "AIPATYIGM5HN5D3SCUDZQ"
          },
          "sensitive_attributes": [],
          "private": "bnVsbA==",
          "dependencies": [
            "module.loadtest.aws_iam_role.loadtest"
          ]
        }
      ]
    },
    {
      "module": "module.loadtest",
      "mode": "managed",
      "type": "aws_iam_role",
      "name": "loadtest",
      "provider": "provider[\"registry.terraform.io/hashicorp/aws\"]",
      "instances": [
        {
          "schema_version": 0,
          "attributes": {
            "arn": "arn:aws:iam::258248337883:role/provision-name-loadtest-role-devices",
            "assume_role_policy": "{\"Version\":\"2012-10-17\",\"Statement\":[{\"Sid\":\"202110011659\",\"Effect\":\"Allow\",\"Principal\":{\"Service\":\"ec2.amazonaws.com\"},\"Action\":\"sts:AssumeRole\"}]}",
            "create_date": "2022-03-24T07:42:49Z",
            "description": "",
            "force_detach_policies": false,
            "id": "provision-name-loadtest-role-devices",
            "inline_policy": [
              {
                "name": "",
                "policy": ""
              }
            ],
            "managed_policy_arns": [],
            "max_session_duration": 3600,
            "name": "provision-name-loadtest-role-devices",
            "name_prefix": "",
            "path": "/",
            "permissions_boundary": null,
            "tags": {
              "Name": "provision-name-loadtest-role-devices"
            },
            "tags_all": {
              "Name": "provision-name-loadtest-role-devices"
            },
            "unique_id": "AROATYIGM5HN747TEY4AP"
          },
          "sensitive_attributes": [],
          "private": "bnVsbA=="
        }
      ]
    },
    {
      "module": "module.loadtest",
      "mode": "managed",
      "type": "aws_instance",
      "name": "leader",
      "provider": "provider[\"registry.terraform.io/hashicorp/aws\"]",
      "instances": [
        {
          "schema_version": 1,
          "attributes": {
            "ami": "ami-0521a4a0a1329ff86",
            "arn": "arn:aws:ec2:ap-northeast-1:258248337883:instance/i-06070d7c9b852212d",
            "associate_public_ip_address": true,
            "availability_zone": "ap-northeast-1a",
            "capacity_reservation_specification": [
              {
                "capacity_reservation_preference": "open",
                "capacity_reservation_target": []
              }
            ],
            "cpu_core_count": 1,
            "cpu_threads_per_core": 2,
            "credit_specification": [
              {
                "cpu_credits": "unlimited"
              }
            ],
            "disable_api_termination": false,
            "ebs_block_device": [],
            "ebs_optimized": false,
            "enclave_options": [
              {
                "enabled": false
              }
            ],
            "ephemeral_block_device": [],
            "get_password_data": false,
            "hibernation": false,
            "host_id": null,
            "iam_instance_profile": "provision-name--devices",
            "id": "i-06070d7c9b852212d",
            "instance_initiated_shutdown_behavior": "stop",
            "instance_state": "running",
            "instance_type": "t3.micro",
            "ipv6_address_count": 0,
            "ipv6_addresses": [],
            "key_name": "provision-name-loadtest-keypair-devices",
            "launch_template": [],
            "metadata_options": [
              {
                "http_endpoint": "enabled",
                "http_put_response_hop_limit": 1,
                "http_tokens": "optional",
                "instance_metadata_tags": "disabled"
              }
            ],
            "monitoring": true,
            "network_interface": [],
            "outpost_arn": "",
            "password_data": "",
            "placement_group": "",
            "placement_partition_number": null,
            "primary_network_interface_id": "eni-0b563b9cb3fcce2bb",
            "private_dns": "ip-172-16-15-49.ap-northeast-1.compute.internal",
            "private_ip": "172.16.15.49",
            "public_dns": "ec2-13-114-45-133.ap-northeast-1.compute.amazonaws.com",
            "public_ip": "13.114.45.133",
            "root_block_device": [
              {
                "delete_on_termination": true,
                "device_name": "/dev/xvda",
                "encrypted": false,
                "iops": 100,
                "kms_key_id": "",
                "tags": {},
                "throughput": 0,
                "volume_id": "vol-0f974136e04e27f31",
                "volume_size": 8,
                "volume_type": "gp2"
              }
            ],
            "secondary_private_ips": [],
            "security_groups": [],
            "source_dest_check": true,
            "subnet_id": "subnet-0862ffc9571285251",
            "tags": {
              "nodes": "172.16.5.34,172.16.14.189,172.16.5.140,172.16.11.207"
            },
            "tags_all": {
              "nodes": "172.16.5.34,172.16.14.189,172.16.5.140,172.16.11.207"
            },
            "tenancy": "default",
            "timeouts": null,
            "user_data": null,
            "user_data_base64": "IyEvYmluL2Jhc2gKCnN1ZG8geXVtIHVwZGF0ZSAteQpzdWRvIHl1bSBpbnN0YWxsIC15IHBjcmUyLWRldmVsLng4Nl82NCBweXRob24gZ2NjIHB5dGhvbjMtZGV2ZWwgdHpkYXRhIGN1cmwgdW56aXAgYmFzaCBodG9wCgojIExPQ1VTVApleHBvcnQgTE9DVVNUX1ZFUlNJT049IjIuNC4zIgpzdWRvIHBpcDMgaW5zdGFsbCBsb2N1c3Q9PSRMT0NVU1RfVkVSU0lPTgoKZXhwb3J0IFBSSVZBVEVfSVA9JChob3N0bmFtZSAtSSB8IGF3ayAne3ByaW50ICQxfScpCmVjaG8gIlBSSVZBVEVfSVA9JFBSSVZBVEVfSVAiID4+IC9ldGMvZW52aXJvbm1lbnQKCnNvdXJjZSB+Ly5iYXNocmMKCm1rZGlyIC1wIH4vLnNzaAplY2hvICdIb3N0IConID4gfi8uc3NoL2NvbmZpZwplY2hvICdTdHJpY3RIb3N0S2V5Q2hlY2tpbmcgbm8nID4+IH4vLnNzaC9jb25maWcKCnN1ZG8gaXB0YWJsZXMgLUEgSU5QVVQgLWkgZXRoMCAtcCB0Y3AgLS1kcG9ydCA4MCAtaiBBQ0NFUFQKc3VkbyBpcHRhYmxlcyAtQSBJTlBVVCAtaSBldGgwIC1wIHRjcCAtLWRwb3J0IDgwODAgLWogQUNDRVBUCnN1ZG8gaXB0YWJsZXMgLUEgUFJFUk9VVElORyAtdCBuYXQgLWkgZXRoMCAtcCB0Y3AgLS1kcG9ydCA4MCAtaiBSRURJUkVDVCAtLXRvLXBvcnQgODA4MAoKdG91Y2ggL3RtcC9maW5pc2hlZC1zZXR1cAo=",
            "volume_tags": null,
            "vpc_security_group_ids": [
              "sg-0e1d1f9004e9c3fc3"
            ]
          },
          "sensitive_attributes": [],
          "private": "eyJlMmJmYjczMC1lY2FhLTExZTYtOGY4OC0zNDM2M2JjN2M0YzAiOnsiY3JlYXRlIjo2MDAwMDAwMDAwMDAsImRlbGV0ZSI6MTIwMDAwMDAwMDAwMCwidXBkYXRlIjo2MDAwMDAwMDAwMDB9LCJzY2hlbWFfdmVyc2lvbiI6IjEifQ==",
          "dependencies": [
            "data.aws_subnet.current",
            "module.loadtest.aws_iam_instance_profile.loadtest",
            "module.loadtest.aws_iam_role.loadtest",
            "module.loadtest.aws_instance.nodes",
            "module.loadtest.aws_key_pair.loadtest",
            "module.loadtest.aws_security_group.loadtest",
            "module.loadtest.data.aws_ami.amazon_linux_2",
            "module.loadtest.data.aws_vpc.current",
            "module.loadtest.tls_private_key.loadtest"
          ]
        }
      ]
    },
    {
      "module": "module.loadtest",
      "mode": "managed",
      "type": "aws_instance",
      "name": "nodes",
      "provider": "provider[\"registry.terraform.io/hashicorp/aws\"]",
      "instances": [
        {
          "index_key": 0,
          "schema_version": 1,
          "attributes": {
            "ami": "ami-0521a4a0a1329ff86",
            "arn": "arn:aws:ec2:ap-northeast-1:258248337883:instance/i-0ff36f0fb9d6c799d",
            "associate_public_ip_address": true,
            "availability_zone": "ap-northeast-1a",
            "capacity_reservation_specification": [
              {
                "capacity_reservation_preference": "open",
                "capacity_reservation_target": []
              }
            ],
            "cpu_core_count": 1,
            "cpu_threads_per_core": 2,
            "credit_specification": [
              {
                "cpu_credits": "unlimited"
              }
            ],
            "disable_api_termination": false,
            "ebs_block_device": [],
            "ebs_optimized": false,
            "enclave_options": [
              {
                "enabled": false
              }
            ],
            "ephemeral_block_device": [],
            "get_password_data": false,
            "hibernation": false,
            "host_id": null,
            "iam_instance_profile": "provision-name--devices",
            "id": "i-0ff36f0fb9d6c799d",
            "instance_initiated_shutdown_behavior": "stop",
            "instance_state": "running",
            "instance_type": "t3.micro",
            "ipv6_address_count": 0,
            "ipv6_addresses": [],
            "key_name": "provision-name-loadtest-keypair-devices",
            "launch_template": [],
            "metadata_options": [
              {
                "http_endpoint": "enabled",
                "http_put_response_hop_limit": 1,
                "http_tokens": "optional",
                "instance_metadata_tags": "disabled"
              }
            ],
            "monitoring": true,
            "network_interface": [],
            "outpost_arn": "",
            "password_data": "",
            "placement_group": "",
            "placement_partition_number": null,
            "primary_network_interface_id": "eni-0c56b4d8ff5979e74",
            "private_dns": "ip-172-16-5-34.ap-northeast-1.compute.internal",
            "private_ip": "172.16.5.34",
            "public_dns": "ec2-54-238-191-59.ap-northeast-1.compute.amazonaws.com",
            "public_ip": "54.238.191.59",
            "root_block_device": [
              {
                "delete_on_termination": true,
                "device_name": "/dev/xvda",
                "encrypted": false,
                "iops": 100,
                "kms_key_id": "",
                "tags": {},
                "throughput": 0,
                "volume_id": "vol-0a5f678c9da1de801",
                "volume_size": 8,
                "volume_type": "gp2"
              }
            ],
            "secondary_private_ips": [],
            "security_groups": [],
            "source_dest_check": true,
            "subnet_id": "subnet-0862ffc9571285251",
            "tags": null,
            "tags_all": {},
            "tenancy": "default",
            "timeouts": null,
            "user_data": null,
            "user_data_base64": "IyEvYmluL2Jhc2gKCnN1ZG8geXVtIHVwZGF0ZSAteQpzdWRvIHl1bSBpbnN0YWxsIC15IHBjcmUyLWRldmVsLng4Nl82NCBweXRob24gZ2NjIHB5dGhvbjMtZGV2ZWwgdHpkYXRhIGN1cmwgdW56aXAgYmFzaCBodG9wCgojIExPQ1VTVApleHBvcnQgTE9DVVNUX1ZFUlNJT049IjIuNC4zIgpzdWRvIHBpcDMgaW5zdGFsbCBsb2N1c3Q9PSRMT0NVU1RfVkVSU0lPTgoKZXhwb3J0IFBSSVZBVEVfSVA9JChob3N0bmFtZSAtSSB8IGF3ayAne3ByaW50ICQxfScpCmVjaG8gIlBSSVZBVEVfSVA9JFBSSVZBVEVfSVAiID4+IC9ldGMvZW52aXJvbm1lbnQKCnNvdXJjZSB+Ly5iYXNocmMKCm1rZGlyIC1wIH4vLnNzaAplY2hvICdIb3N0IConID4gfi8uc3NoL2NvbmZpZwplY2hvICdTdHJpY3RIb3N0S2V5Q2hlY2tpbmcgbm8nID4+IH4vLnNzaC9jb25maWcKCnRvdWNoIC90bXAvZmluaXNoZWQtc2V0dXAK",
            "volume_tags": null,
            "vpc_security_group_ids": [
              "sg-0e1d1f9004e9c3fc3"
            ]
          },
          "sensitive_attributes": [],
          "private": "eyJlMmJmYjczMC1lY2FhLTExZTYtOGY4OC0zNDM2M2JjN2M0YzAiOnsiY3JlYXRlIjo2MDAwMDAwMDAwMDAsImRlbGV0ZSI6MTIwMDAwMDAwMDAwMCwidXBkYXRlIjo2MDAwMDAwMDAwMDB9LCJzY2hlbWFfdmVyc2lvbiI6IjEifQ==",
          "dependencies": [
            "data.aws_subnet.current",
            "module.loadtest.aws_iam_instance_profile.loadtest",
            "module.loadtest.aws_iam_role.loadtest",
            "module.loadtest.aws_key_pair.loadtest",
            "module.loadtest.aws_security_group.loadtest",
            "module.loadtest.data.aws_ami.amazon_linux_2",
            "module.loadtest.data.aws_vpc.current",
            "module.loadtest.tls_private_key.loadtest"
          ]
        },
        {
          "index_key": 1,
          "schema_version": 1,
          "attributes": {
            "ami": "ami-0521a4a0a1329ff86",
            "arn": "arn:aws:ec2:ap-northeast-1:258248337883:instance/i-0569f71a257182f41",
            "associate_public_ip_address": true,
            "availability_zone": "ap-northeast-1a",
            "capacity_reservation_specification": [
              {
                "capacity_reservation_preference": "open",
                "capacity_reservation_target": []
              }
            ],
            "cpu_core_count": 1,
            "cpu_threads_per_core": 2,
            "credit_specification": [
              {
                "cpu_credits": "unlimited"
              }
            ],
            "disable_api_termination": false,
            "ebs_block_device": [],
            "ebs_optimized": false,
            "enclave_options": [
              {
                "enabled": false
              }
            ],
            "ephemeral_block_device": [],
            "get_password_data": false,
            "hibernation": false,
            "host_id": null,
            "iam_instance_profile": "provision-name--devices",
            "id": "i-0569f71a257182f41",
            "instance_initiated_shutdown_behavior": "stop",
            "instance_state": "running",
            "instance_type": "t3.micro",
            "ipv6_address_count": 0,
            "ipv6_addresses": [],
            "key_name": "provision-name-loadtest-keypair-devices",
            "launch_template": [],
            "metadata_options": [
              {
                "http_endpoint": "enabled",
                "http_put_response_hop_limit": 1,
                "http_tokens": "optional",
                "instance_metadata_tags": "disabled"
              }
            ],
            "monitoring": true,
            "network_interface": [],
            "outpost_arn": "",
            "password_data": "",
            "placement_group": "",
            "placement_partition_number": null,
            "primary_network_interface_id": "eni-079b4d8ddc5e20d35",
            "private_dns": "ip-172-16-14-189.ap-northeast-1.compute.internal",
            "private_ip": "172.16.14.189",
            "public_dns": "ec2-54-249-167-149.ap-northeast-1.compute.amazonaws.com",
            "public_ip": "54.249.167.149",
            "root_block_device": [
              {
                "delete_on_termination": true,
                "device_name": "/dev/xvda",
                "encrypted": false,
                "iops": 100,
                "kms_key_id": "",
                "tags": {},
                "throughput": 0,
                "volume_id": "vol-00a6e8d8bccf9b0dc",
                "volume_size": 8,
                "volume_type": "gp2"
              }
            ],
            "secondary_private_ips": [],
            "security_groups": [],
            "source_dest_check": true,
            "subnet_id": "subnet-0862ffc9571285251",
            "tags": null,
            "tags_all": {},
            "tenancy": "default",
            "timeouts": null,
            "user_data": null,
            "user_data_base64": "IyEvYmluL2Jhc2gKCnN1ZG8geXVtIHVwZGF0ZSAteQpzdWRvIHl1bSBpbnN0YWxsIC15IHBjcmUyLWRldmVsLng4Nl82NCBweXRob24gZ2NjIHB5dGhvbjMtZGV2ZWwgdHpkYXRhIGN1cmwgdW56aXAgYmFzaCBodG9wCgojIExPQ1VTVApleHBvcnQgTE9DVVNUX1ZFUlNJT049IjIuNC4zIgpzdWRvIHBpcDMgaW5zdGFsbCBsb2N1c3Q9PSRMT0NVU1RfVkVSU0lPTgoKZXhwb3J0IFBSSVZBVEVfSVA9JChob3N0bmFtZSAtSSB8IGF3ayAne3ByaW50ICQxfScpCmVjaG8gIlBSSVZBVEVfSVA9JFBSSVZBVEVfSVAiID4+IC9ldGMvZW52aXJvbm1lbnQKCnNvdXJjZSB+Ly5iYXNocmMKCm1rZGlyIC1wIH4vLnNzaAplY2hvICdIb3N0IConID4gfi8uc3NoL2NvbmZpZwplY2hvICdTdHJpY3RIb3N0S2V5Q2hlY2tpbmcgbm8nID4+IH4vLnNzaC9jb25maWcKCnRvdWNoIC90bXAvZmluaXNoZWQtc2V0dXAK",
            "volume_tags": null,
            "vpc_security_group_ids": [
              "sg-0e1d1f9004e9c3fc3"
            ]
          },
          "sensitive_attributes": [],
          "private": "eyJlMmJmYjczMC1lY2FhLTExZTYtOGY4OC0zNDM2M2JjN2M0YzAiOnsiY3JlYXRlIjo2MDAwMDAwMDAwMDAsImRlbGV0ZSI6MTIwMDAwMDAwMDAwMCwidXBkYXRlIjo2MDAwMDAwMDAwMDB9LCJzY2hlbWFfdmVyc2lvbiI6IjEifQ==",
          "dependencies": [
            "data.aws_subnet.current",
            "module.loadtest.aws_iam_instance_profile.loadtest",
            "module.loadtest.aws_iam_role.loadtest",
            "module.loadtest.aws_key_pair.loadtest",
            "module.loadtest.aws_security_group.loadtest",
            "module.loadtest.data.aws_ami.amazon_linux_2",
            "module.loadtest.data.aws_vpc.current",
            "module.loadtest.tls_private_key.loadtest"
          ]
        },
        {
          "index_key": 2,
          "schema_version": 1,
          "attributes": {
            "ami": "ami-0521a4a0a1329ff86",
            "arn": "arn:aws:ec2:ap-northeast-1:258248337883:instance/i-0c9d887d8f1631ce2",
            "associate_public_ip_address": true,
            "availability_zone": "ap-northeast-1a",
            "capacity_reservation_specification": [
              {
                "capacity_reservation_preference": "open",
                "capacity_reservation_target": []
              }
            ],
            "cpu_core_count": 1,
            "cpu_threads_per_core": 2,
            "credit_specification": [
              {
                "cpu_credits": "unlimited"
              }
            ],
            "disable_api_termination": false,
            "ebs_block_device": [],
            "ebs_optimized": false,
            "enclave_options": [
              {
                "enabled": false
              }
            ],
            "ephemeral_block_device": [],
            "get_password_data": false,
            "hibernation": false,
            "host_id": null,
            "iam_instance_profile": "provision-name--devices",
            "id": "i-0c9d887d8f1631ce2",
            "instance_initiated_shutdown_behavior": "stop",
            "instance_state": "running",
            "instance_type": "t3.micro",
            "ipv6_address_count": 0,
            "ipv6_addresses": [],
            "key_name": "provision-name-loadtest-keypair-devices",
            "launch_template": [],
            "metadata_options": [
              {
                "http_endpoint": "enabled",
                "http_put_response_hop_limit": 1,
                "http_tokens": "optional",
                "instance_metadata_tags": "disabled"
              }
            ],
            "monitoring": true,
            "network_interface": [],
            "outpost_arn": "",
            "password_data": "",
            "placement_group": "",
            "placement_partition_number": null,
            "primary_network_interface_id": "eni-0e92ec69b468766bb",
            "private_dns": "ip-172-16-5-140.ap-northeast-1.compute.internal",
            "private_ip": "172.16.5.140",
            "public_dns": "ec2-18-177-137-11.ap-northeast-1.compute.amazonaws.com",
            "public_ip": "18.177.137.11",
            "root_block_device": [
              {
                "delete_on_termination": true,
                "device_name": "/dev/xvda",
                "encrypted": false,
                "iops": 100,
                "kms_key_id": "",
                "tags": {},
                "throughput": 0,
                "volume_id": "vol-09e0281aafdf29857",
                "volume_size": 8,
                "volume_type": "gp2"
              }
            ],
            "secondary_private_ips": [],
            "security_groups": [],
            "source_dest_check": true,
            "subnet_id": "subnet-0862ffc9571285251",
            "tags": null,
            "tags_all": {},
            "tenancy": "default",
            "timeouts": null,
            "user_data": null,
            "user_data_base64": "IyEvYmluL2Jhc2gKCnN1ZG8geXVtIHVwZGF0ZSAteQpzdWRvIHl1bSBpbnN0YWxsIC15IHBjcmUyLWRldmVsLng4Nl82NCBweXRob24gZ2NjIHB5dGhvbjMtZGV2ZWwgdHpkYXRhIGN1cmwgdW56aXAgYmFzaCBodG9wCgojIExPQ1VTVApleHBvcnQgTE9DVVNUX1ZFUlNJT049IjIuNC4zIgpzdWRvIHBpcDMgaW5zdGFsbCBsb2N1c3Q9PSRMT0NVU1RfVkVSU0lPTgoKZXhwb3J0IFBSSVZBVEVfSVA9JChob3N0bmFtZSAtSSB8IGF3ayAne3ByaW50ICQxfScpCmVjaG8gIlBSSVZBVEVfSVA9JFBSSVZBVEVfSVAiID4+IC9ldGMvZW52aXJvbm1lbnQKCnNvdXJjZSB+Ly5iYXNocmMKCm1rZGlyIC1wIH4vLnNzaAplY2hvICdIb3N0IConID4gfi8uc3NoL2NvbmZpZwplY2hvICdTdHJpY3RIb3N0S2V5Q2hlY2tpbmcgbm8nID4+IH4vLnNzaC9jb25maWcKCnRvdWNoIC90bXAvZmluaXNoZWQtc2V0dXAK",
            "volume_tags": null,
            "vpc_security_group_ids": [
              "sg-0e1d1f9004e9c3fc3"
            ]
          },
          "sensitive_attributes": [],
          "private": "eyJlMmJmYjczMC1lY2FhLTExZTYtOGY4OC0zNDM2M2JjN2M0YzAiOnsiY3JlYXRlIjo2MDAwMDAwMDAwMDAsImRlbGV0ZSI6MTIwMDAwMDAwMDAwMCwidXBkYXRlIjo2MDAwMDAwMDAwMDB9LCJzY2hlbWFfdmVyc2lvbiI6IjEifQ==",
          "dependencies": [
            "data.aws_subnet.current",
            "module.loadtest.aws_iam_instance_profile.loadtest",
            "module.loadtest.aws_iam_role.loadtest",
            "module.loadtest.aws_key_pair.loadtest",
            "module.loadtest.aws_security_group.loadtest",
            "module.loadtest.data.aws_ami.amazon_linux_2",
            "module.loadtest.data.aws_vpc.current",
            "module.loadtest.tls_private_key.loadtest"
          ]
        },
        {
          "index_key": 3,
          "schema_version": 1,
          "attributes": {
            "ami": "ami-0521a4a0a1329ff86",
            "arn": "arn:aws:ec2:ap-northeast-1:258248337883:instance/i-02df2f3a94e139e65",
            "associate_public_ip_address": true,
            "availability_zone": "ap-northeast-1a",
            "capacity_reservation_specification": [
              {
                "capacity_reservation_preference": "open",
                "capacity_reservation_target": []
              }
            ],
            "cpu_core_count": 1,
            "cpu_threads_per_core": 2,
            "credit_specification": [
              {
                "cpu_credits": "unlimited"
              }
            ],
            "disable_api_termination": false,
            "ebs_block_device": [],
            "ebs_optimized": false,
            "enclave_options": [
              {
                "enabled": false
              }
            ],
            "ephemeral_block_device": [],
            "get_password_data": false,
            "hibernation": false,
            "host_id": null,
            "iam_instance_profile": "provision-name--devices",
            "id": "i-02df2f3a94e139e65",
            "instance_initiated_shutdown_behavior": "stop",
            "instance_state": "running",
            "instance_type": "t3.micro",
            "ipv6_address_count": 0,
            "ipv6_addresses": [],
            "key_name": "provision-name-loadtest-keypair-devices",
            "launch_template": [],
            "metadata_options": [
              {
                "http_endpoint": "enabled",
                "http_put_response_hop_limit": 1,
                "http_tokens": "optional",
                "instance_metadata_tags": "disabled"
              }
            ],
            "monitoring": true,
            "network_interface": [],
            "outpost_arn": "",
            "password_data": "",
            "placement_group": "",
            "placement_partition_number": null,
            "primary_network_interface_id": "eni-0493cbb2c34f0077e",
            "private_dns": "ip-172-16-11-207.ap-northeast-1.compute.internal",
            "private_ip": "172.16.11.207",
            "public_dns": "ec2-54-199-54-55.ap-northeast-1.compute.amazonaws.com",
            "public_ip": "54.199.54.55",
            "root_block_device": [
              {
                "delete_on_termination": true,
                "device_name": "/dev/xvda",
                "encrypted": false,
                "iops": 100,
                "kms_key_id": "",
                "tags": {},
                "throughput": 0,
                "volume_id": "vol-06ac74f8228b2812f",
                "volume_size": 8,
                "volume_type": "gp2"
              }
            ],
            "secondary_private_ips": [],
            "security_groups": [],
            "source_dest_check": true,
            "subnet_id": "subnet-0862ffc9571285251",
            "tags": null,
            "tags_all": {},
            "tenancy": "default",
            "timeouts": null,
            "user_data": null,
            "user_data_base64": "IyEvYmluL2Jhc2gKCnN1ZG8geXVtIHVwZGF0ZSAteQpzdWRvIHl1bSBpbnN0YWxsIC15IHBjcmUyLWRldmVsLng4Nl82NCBweXRob24gZ2NjIHB5dGhvbjMtZGV2ZWwgdHpkYXRhIGN1cmwgdW56aXAgYmFzaCBodG9wCgojIExPQ1VTVApleHBvcnQgTE9DVVNUX1ZFUlNJT049IjIuNC4zIgpzdWRvIHBpcDMgaW5zdGFsbCBsb2N1c3Q9PSRMT0NVU1RfVkVSU0lPTgoKZXhwb3J0IFBSSVZBVEVfSVA9JChob3N0bmFtZSAtSSB8IGF3ayAne3ByaW50ICQxfScpCmVjaG8gIlBSSVZBVEVfSVA9JFBSSVZBVEVfSVAiID4+IC9ldGMvZW52aXJvbm1lbnQKCnNvdXJjZSB+Ly5iYXNocmMKCm1rZGlyIC1wIH4vLnNzaAplY2hvICdIb3N0IConID4gfi8uc3NoL2NvbmZpZwplY2hvICdTdHJpY3RIb3N0S2V5Q2hlY2tpbmcgbm8nID4+IH4vLnNzaC9jb25maWcKCnRvdWNoIC90bXAvZmluaXNoZWQtc2V0dXAK",
            "volume_tags": null,
            "vpc_security_group_ids": [
              "sg-0e1d1f9004e9c3fc3"
            ]
          },
          "sensitive_attributes": [],
          "private": "eyJlMmJmYjczMC1lY2FhLTExZTYtOGY4OC0zNDM2M2JjN2M0YzAiOnsiY3JlYXRlIjo2MDAwMDAwMDAwMDAsImRlbGV0ZSI6MTIwMDAwMDAwMDAwMCwidXBkYXRlIjo2MDAwMDAwMDAwMDB9LCJzY2hlbWFfdmVyc2lvbiI6IjEifQ==",
          "dependencies": [
            "data.aws_subnet.current",
            "module.loadtest.aws_iam_instance_profile.loadtest",
            "module.loadtest.aws_iam_role.loadtest",
            "module.loadtest.aws_key_pair.loadtest",
            "module.loadtest.aws_security_group.loadtest",
            "module.loadtest.data.aws_ami.amazon_linux_2",
            "module.loadtest.data.aws_vpc.current",
            "module.loadtest.tls_private_key.loadtest"
          ]
        }
      ]
    },
    {
      "module": "module.loadtest",
      "mode": "managed",
      "type": "aws_key_pair",
      "name": "loadtest",
      "provider": "provider[\"registry.terraform.io/hashicorp/aws\"]",
      "instances": [
        {
          "schema_version": 1,
          "attributes": {
            "arn": "arn:aws:ec2:ap-northeast-1:258248337883:key-pair/provision-name-loadtest-keypair-devices",
            "fingerprint": "59:e9:ca:68:24:3b:ed:e1:c3:0d:af:3f:10:f9:5f:fa",
            "id": "provision-name-loadtest-keypair-devices",
            "key_name": "provision-name-loadtest-keypair-devices",
            "key_name_prefix": "",
            "key_pair_id": "key-078e317e0f99f271d",
            "public_key": "ssh-rsa AAAAB3NzaC1yc2EAAAADAQABAAACAQDcEKHfM2ISJSwEiMoEmqB3147VUDXxyqHZMdhoFEmxqWxHABRUAz+zdAu7CedtrspbRZi04bFncxda/jwLEvWk37u9z3wnxSPhr6R/bVSMj+AdIcBLYlHbJaraTiTU+XSzeyJ9u4sIWB/cpjZQYAfecK+bJSTzcAR4HwCq/oxwTl0FLU9Y9jXfnXat3Z4mxMSOAMgY/jPBAxGTL3XFUAOX1nEDFM7VE545X3zfomkPE8rBr3Mi4tc1KVqhVW8t/St9TeDivnBdFjO/mmn0NMDV+Q5+vVGMEzcUBWKiofupIpqEdNuVYFYR9fM9F3NkMNnT/HBqd9LZBUgfxyZ/7Cc2ceDWKYoTkq06bhmY6R7QACP7Hu6318Yvc7xLC283rMhSWwO6hx24N8TpKNEWUTO+tkQd4KZzZo4Yz93+AUPzDVrXsSmXj3hueQMPUDTz79bUvZzsgNlQP5CBZmK/sZXEV/lYf1kwnazPa8m3yhVZed22SdpCvDsyrOMd8m6wECrqjcGdRnojWciHDoX8bgCqxFGqjx1wX1xg8T3ZUF5d28384yJmyzCnb+9KvBybE+wD2Agce+XcgSG2Drv4Sg/TKcwm59uBixGf9qSaMK9xcEc+quuX/KTcsCYeJuDUm0cxYmyXz+ABRUvUkTA+YepaHMXmB9/1bpbkaIpYOjasiw==",
            "tags": null,
            "tags_all": {}
          },
          "sensitive_attributes": [],
          "private": "eyJzY2hlbWFfdmVyc2lvbiI6IjEifQ==",
          "dependencies": [
            "module.loadtest.tls_private_key.loadtest"
          ]
        }
      ]
    },
    {
      "module": "module.loadtest",
      "mode": "managed",
      "type": "aws_security_group",
      "name": "loadtest",
      "provider": "provider[\"registry.terraform.io/hashicorp/aws\"]",
      "instances": [
        {
          "schema_version": 1,
          "attributes": {
            "arn": "arn:aws:ec2:ap-northeast-1:258248337883:security-group/sg-0e1d1f9004e9c3fc3",
            "description": "Allow inbound traffic for Jmeter",
            "egress": [
              {
                "cidr_blocks": [
                  "0.0.0.0/0"
                ],
                "description": "",
                "from_port": 0,
                "ipv6_cidr_blocks": [],
                "prefix_list_ids": [],
                "protocol": "-1",
                "security_groups": [],
                "self": false,
                "to_port": 0
              }
            ],
            "id": "sg-0e1d1f9004e9c3fc3",
            "ingress": [
              {
                "cidr_blocks": [
                  "0.0.0.0/0"
                ],
                "description": "HTTP",
                "from_port": 80,
                "ipv6_cidr_blocks": [],
                "prefix_list_ids": [],
                "protocol": "tcp",
                "security_groups": [],
                "self": false,
                "to_port": 80
              },
              {
                "cidr_blocks": [
                  "0.0.0.0/0"
                ],
                "description": "HTTPS",
                "from_port": 443,
                "ipv6_cidr_blocks": [],
                "prefix_list_ids": [],
                "protocol": "tcp",
                "security_groups": [],
                "self": false,
                "to_port": 443
              },
              {
                "cidr_blocks": [
                  "0.0.0.0/0"
                ],
                "description": "port 22",
                "from_port": 22,
                "ipv6_cidr_blocks": [],
                "prefix_list_ids": [],
                "protocol": "tcp",
                "security_groups": [],
                "self": false,
                "to_port": 22
              },
              {
                "cidr_blocks": [],
                "description": "",
                "from_port": 0,
                "ipv6_cidr_blocks": [],
                "prefix_list_ids": [],
                "protocol": "-1",
                "security_groups": [],
                "self": true,
                "to_port": 0
              }
            ],
            "name": "provision-name-loadtest-seg-devices",
            "name_prefix": "",
            "owner_id": "258248337883",
            "revoke_rules_on_delete": false,
            "tags": {
              "Name": "provision-name-loadtest-seg"
            },
            "tags_all": {
              "Name": "provision-name-loadtest-seg"
            },
            "timeouts": null,
            "vpc_id": "vpc-031951095f9bcb7db"
          },
          "sensitive_attributes": [],
          "private": "eyJlMmJmYjczMC1lY2FhLTExZTYtOGY4OC0zNDM2M2JjN2M0YzAiOnsiY3JlYXRlIjo2MDAwMDAwMDAwMDAsImRlbGV0ZSI6OTAwMDAwMDAwMDAwfSwic2NoZW1hX3ZlcnNpb24iOiIxIn0=",
          "dependencies": [
            "module.loadtest.data.aws_vpc.current"
          ]
        }
      ]
    },
    {
      "module": "module.loadtest",
      "mode": "managed",
      "type": "null_resource",
      "name": "executor",
      "provider": "provider[\"registry.terraform.io/hashicorp/null\"]",
      "instances": [
        {
          "index_key": 0,
          "schema_version": 0,
          "attributes": {
            "id": "3191319942265493136",
            "triggers": {
              "always_run": "2022-03-24T07:44:33Z"
            }
          },
          "sensitive_attributes": [],
          "private": "bnVsbA==",
          "dependencies": [
            "data.aws_subnet.current",
            "module.loadtest.aws_iam_instance_profile.loadtest",
            "module.loadtest.aws_iam_role.loadtest",
            "module.loadtest.aws_instance.leader",
            "module.loadtest.aws_instance.nodes",
            "module.loadtest.aws_key_pair.loadtest",
            "module.loadtest.aws_security_group.loadtest",
            "module.loadtest.data.aws_ami.amazon_linux_2",
            "module.loadtest.data.aws_vpc.current",
            "module.loadtest.null_resource.setup_leader",
            "module.loadtest.null_resource.setup_nodes",
            "module.loadtest.null_resource.spliter_execute_command",
            "module.loadtest.tls_private_key.loadtest"
          ]
        }
      ]
    },
    {
      "module": "module.loadtest",
      "mode": "managed",
      "type": "null_resource",
      "name": "key_pair_exporter",
      "provider": "provider[\"registry.terraform.io/hashicorp/null\"]",
      "instances": [
        {
          "schema_version": 0,
          "attributes": {
            "id": "3429262011086064401",
            "triggers": {
              "always_run": "2022-03-24T07:42:49Z"
            }
          },
          "sensitive_attributes": [],
          "private": "bnVsbA==",
          "dependencies": [
            "module.loadtest.aws_key_pair.loadtest",
            "module.loadtest.tls_private_key.loadtest"
          ]
        }
      ]
    },
    {
      "module": "module.loadtest",
      "mode": "managed",
      "type": "null_resource",
      "name": "setup_leader",
      "provider": "provider[\"registry.terraform.io/hashicorp/null\"]",
      "instances": [
        {
          "schema_version": 0,
          "attributes": {
            "id": "8780616674523004926",
            "triggers": null
          },
          "sensitive_attributes": [],
          "private": "bnVsbA==",
          "dependencies": [
            "data.aws_subnet.current",
            "module.loadtest.aws_iam_instance_profile.loadtest",
            "module.loadtest.aws_iam_role.loadtest",
            "module.loadtest.aws_instance.leader",
            "module.loadtest.aws_instance.nodes",
            "module.loadtest.aws_key_pair.loadtest",
            "module.loadtest.aws_security_group.loadtest",
            "module.loadtest.data.aws_ami.amazon_linux_2",
            "module.loadtest.data.aws_vpc.current",
            "module.loadtest.tls_private_key.loadtest"
          ]
        }
      ]
    },
    {
      "module": "module.loadtest",
      "mode": "managed",
      "type": "null_resource",
      "name": "setup_nodes",
      "provider": "provider[\"registry.terraform.io/hashicorp/null\"]",
      "instances": [
        {
          "index_key": 0,
          "schema_version": 0,
          "attributes": {
            "id": "7376598142930921331",
            "triggers": {
              "always_run": "2022-03-24T07:44:31Z"
            }
          },
          "sensitive_attributes": [],
          "private": "bnVsbA==",
          "dependencies": [
            "data.aws_subnet.current",
            "module.loadtest.aws_iam_instance_profile.loadtest",
            "module.loadtest.aws_iam_role.loadtest",
            "module.loadtest.aws_instance.leader",
            "module.loadtest.aws_instance.nodes",
            "module.loadtest.aws_key_pair.loadtest",
            "module.loadtest.aws_security_group.loadtest",
            "module.loadtest.data.aws_ami.amazon_linux_2",
            "module.loadtest.data.aws_vpc.current",
            "module.loadtest.tls_private_key.loadtest"
          ]
        },
        {
          "index_key": 1,
          "schema_version": 0,
          "attributes": {
            "id": "8298794220525186351",
            "triggers": {
              "always_run": "2022-03-24T07:44:31Z"
            }
          },
          "sensitive_attributes": [],
          "private": "bnVsbA==",
          "dependencies": [
            "data.aws_subnet.current",
            "module.loadtest.aws_iam_instance_profile.loadtest",
            "module.loadtest.aws_iam_role.loadtest",
            "module.loadtest.aws_instance.leader",
            "module.loadtest.aws_instance.nodes",
            "module.loadtest.aws_key_pair.loadtest",
            "module.loadtest.aws_security_group.loadtest",
            "module.loadtest.data.aws_ami.amazon_linux_2",
            "module.loadtest.data.aws_vpc.current",
            "module.loadtest.tls_private_key.loadtest"
          ]
        },
        {
          "index_key": 2,
          "schema_version": 0,
          "attributes": {
            "id": "6880893031654729657",
            "triggers": {
              "always_run": "2022-03-24T07:44:31Z"
            }
          },
          "sensitive_attributes": [],
          "private": "bnVsbA==",
          "dependencies": [
            "data.aws_subnet.current",
            "module.loadtest.aws_iam_instance_profile.loadtest",
            "module.loadtest.aws_iam_role.loadtest",
            "module.loadtest.aws_instance.leader",
            "module.loadtest.aws_instance.nodes",
            "module.loadtest.aws_key_pair.loadtest",
            "module.loadtest.aws_security_group.loadtest",
            "module.loadtest.data.aws_ami.amazon_linux_2",
            "module.loadtest.data.aws_vpc.current",
            "module.loadtest.tls_private_key.loadtest"
          ]
        },
        {
          "index_key": 3,
          "schema_version": 0,
          "attributes": {
            "id": "2758758539713712445",
            "triggers": {
              "always_run": "2022-03-24T07:44:31Z"
            }
          },
          "sensitive_attributes": [],
          "private": "bnVsbA==",
          "dependencies": [
            "data.aws_subnet.current",
            "module.loadtest.aws_iam_instance_profile.loadtest",
            "module.loadtest.aws_iam_role.loadtest",
            "module.loadtest.aws_instance.leader",
            "module.loadtest.aws_instance.nodes",
            "module.loadtest.aws_key_pair.loadtest",
            "module.loadtest.aws_security_group.loadtest",
            "module.loadtest.data.aws_ami.amazon_linux_2",
            "module.loadtest.data.aws_vpc.current",
            "module.loadtest.tls_private_key.loadtest"
          ]
        }
      ]
    },
    {
      "module": "module.loadtest",
      "mode": "managed",
      "type": "null_resource",
      "name": "spliter_execute_command",
      "provider": "provider[\"registry.terraform.io/hashicorp/null\"]",
      "instances": [
        {
          "schema_version": 0,
          "attributes": {
            "id": "6200806781317818931",
            "triggers": null
          },
          "sensitive_attributes": [],
          "private": "bnVsbA==",
          "dependencies": [
            "data.aws_subnet.current",
            "module.loadtest.aws_iam_instance_profile.loadtest",
            "module.loadtest.aws_iam_role.loadtest",
            "module.loadtest.aws_instance.leader",
            "module.loadtest.aws_instance.nodes",
            "module.loadtest.aws_key_pair.loadtest",
            "module.loadtest.aws_security_group.loadtest",
            "module.loadtest.data.aws_ami.amazon_linux_2",
            "module.loadtest.data.aws_vpc.current",
            "module.loadtest.tls_private_key.loadtest"
          ]
        }
      ]
    },
    {
      "module": "module.loadtest",
      "mode": "managed",
      "type": "tls_private_key",
      "name": "loadtest",
      "provider": "provider[\"registry.terraform.io/hashicorp/tls\"]",
      "instances": [
        {
          "schema_version": 0,
          "attributes": {
            "algorithm": "RSA",
            "ecdsa_curve": "P224",
            "id": "79f085ea62cb4bdb93a252675b115eaf42896104",
            "private_key_pem": "-----BEGIN RSA PRIVATE KEY-----\nMIIJKAIBAAKCAgEA3BCh3zNiEiUsBIjKBJqgd9eO1VA18cqh2THYaBRJsalsRwAU\nVAM/s3QLuwnnba7KW0WYtOGxZ3MXWv48CxL1pN+7vc98J8Uj4a+kf21UjI/gHSHA\nS2JR2yWq2k4k1Pl0s3sifbuLCFgf3KY2UGAH3nCvmyUk83AEeB8Aqv6McE5dBS1P\nWPY13512rd2eJsTEjgDIGP4zwQMRky91xVADl9ZxAxTO1ROeOV9836JpDxPKwa9z\nIuLXNSlaoVVvLf0rfU3g4r5wXRYzv5pp9DTA1fkOfr1RjBM3FAVioqH7qSKahHTb\nlWBWEfXzPRdzZDDZ0/xwanfS2QVIH8cmf+wnNnHg1imKE5KtOm4ZmOke0AAj+x7u\nt9fGL3O8SwtvN6zIUlsDuocduDfE6SjRFlEzvrZEHeCmc2aOGM/d/gFD8w1a17Ep\nl494bnkDD1A08+/W1L2c7IDZUD+QgWZiv7GVxFf5WH9ZMJ2sz2vJt8oVWXndtkna\nQrw7MqzjHfJusBAq6o3BnUZ6I1nIhw6F/G4AqsRRqo8dcF9cYPE92VBeXdvN/OMi\nZsswp2/vSrwcmxPsA9gIHHvl3IEhtg67+EoP0ynMJufbgYsRn/akmjCvcXBHPqrr\nl/yk3LAmHibg1JtHMWJsl8/gAUVL1JEwPmHqWhzF5gff9W6W5GiKWDo2rIsCAwEA\nAQKCAgAP/ll1WkunW/I+Bh8AhKhi7VShJio1f2+R1HCQ5+CPO+v1oQjZLj9D8Iwl\ntMuQCiMEzSMTClAVX6Tz5QRCHceiiuwfGGRCk65O6a//3tdFO/OiymAqWmPulGc9\nZG6C1/pmTO2ty6KIIbd3FtFduAz6WqA4m1N7Kcn5XO90ffmA9AEIrklVAtfZf50v\nd6rV0HkkhOQGBPuH7IwrcUiS5YTNVTVzbuC1Va6rJshxjGEsSljzCKhKgcf4QiAn\nF4l0AzFU8wMEF6kc6s8p/rPynp7hLi+igGnbz02yc82+Wh1rJmuqcr++tHis534d\nE4Y8YtyB7pfQ9RJq2VprjNK8e1JCHTZAhzuxY+utcKjbcgpwCxSRKVNRoR7kwjb+\nrL0FLAz7rVc/+Jkh1yAaZAhGoJFcxoRVsq7DjOrRW+3dqM70bpnwxaeJVzvK41K+\nxFe8B5W3Hv1/qlNXKROpqzTjV9xSU08JTguU9FB2OPQ4r1e5ga2wqOPCGIdDslvb\n6orPEsET70J9ce73q8vN7NtxsixjpcoOcqFKFw4cmD3YqvQ9T5VK8UQ9T1Bg0woF\nNnKzRsTXDu/RrT2+CnTN8t1IHK9Q2EbdTWGpRiUa3Ht60wMQDCcFfl0T6CNcDhH8\nhVRZzp5VhKZY+JSflsX78nP0b2nEodv+3+leT/YtM+qb8T9sGQKCAQEA65LYRveT\nFPrfPvV6okR4qRJnEpfBy3w1LJGMZFqjJhMdvyjsJ+PSEOOA31GTS3VVD5/JCrr6\nRzYz/taYQryKJkSD5BgGZA9zk2+Icrlz0BTDcnr2hyp1WFJJ1vvg+flfxKT0l2Dk\nAb6ThyuBelQc8WWYvhFBjr8ZgCU95I+fXvWMDGSJpmzvceS99TGNUDQckfb/2Gk3\nD1lCc2TcXG8ZdWKMB8h78rlz+EuFj7/MS+nDcrsa8AyHd3XCD096hcaoQ+7oLUeQ\nQL2Kr0oZkiGFbLhpZwERISJKwHs7eEZUy3lZ2KlRpJT87lyfw4QSsP8m43nkXn2/\n1KBqWhYy3XJELQKCAQEA7yWIoqeJmFoVS0nzcgS+WLO40T7G8QLEvVFJqIxH7pf7\nPh9s1AOk424lCqGbKdzegTpGl3CzdKy/GWo1LIRw09NWdNonTJCxauPf65dSXh55\nvbB23yGiSNu2FtDicHeQ1GYKTe9uUIATgZdMUVhiBvsGx5V2Hfxvg4Om2Fp9jf7i\nwpcj1Y/ib+ZF3YrniBt3c6xnfgOtjNf6g/N9lOnukxrzz01PN2aV6Rv9ecOIxtHx\nE4DkrjmUO/zgEz6JztnhqWns26J5ETpkM9MmPj6kFobzgShgM4jLXovy5ZgghNGL\nDl2M2eMdGI5r+o6dkAOnH63lLi5UtByTNJIlDC4OlwKCAQB9oNQiFImlmJxRsQvz\nWVyXna7GJZQ99kFNQVmDcyqqdWtZtHMsWrx+MTVa4uAQT8RLDsViKZCrRWa5MqwE\nexOZkNRdYcqWtf7G06YKuIfgohIRDS5HqwblUQz7z1uNM8Y00lt2Fz/BBmcaoMLt\n/8lnmuy3/+/cNmFdC39UUpuFQqGrQjp+PH39WSVMi153NTM/TF/og0PPtaRQcatq\nx/zlsuZGiE5BhVEpSu0xWfGTUlje6JVXCvd7Z5tUGuiWSvkVMWU0MIPnYq2BCZ1V\nZvcGodnkCped+fGvcIiofale0Zpuhu15PdMdMtwoolhtd8S/bxOwqJMSy3GsFUaO\n/g8JAoIBAQDlN7SfMrZPsQh4AYm135YSrzCWXvWQTHcGfsN7KfpIVqQaB0TochW5\nZ/lZF00B8xHSC2ld/kgDrQ/97C7LXKZIYmib1/2TBZ0INyKJTaFFVTCbAGjvte02\nqGD/vXdNFU1cR/HYgYXa4ufPbpVX4r8Sscjtw/RTCYJZK/bfqNxvHb97hCJ0sFT5\nrF2K23jQnIMB/F22CxBtzxXvI5NbCF4D4fGO4SrsjwdhR9LMwv52kwPfDcwisk3C\nsb6Us3yjJ3OETmMYocIpIS6p/djKEIB2lyMOyQRsYNGM7dcC+a0xoScHveMjdOyO\nfPRCVC/xuY6WbrccbIwDluABo5Ke+gZBAoIBABKc+sGhJIGNIl2eDkOqRguq+gMI\nmp34XpMQRh2ntW1iyH2ybRQMQKgYid6vCWkKNt/IGoVNe0jI1pg7NoIuj80j1Xlc\nsR+2N7/70psVaX+gUrMARiJFjt2np7mGsgW/Slp0Z9J2qv1q5opw5KLRi2Eoaly5\nSBm5cg/KYAgM2DadV58Xls10Rq3l9Pbuz/6BP0yth93Bh4jBzDt/ieNtSGdV5fOY\nXKafuIIClei4HyHP3cbU6Au6Daczkj/GxuJ9gaxjDCm1EP2548YHJmZi7WaaFQVP\n5K5rZjfNj3B44xGxrsqLUBulPwAcM8sTRJ/t6skS8sf8IfuoKMdIM8SaVUU=\n-----END RSA PRIVATE KEY-----\n",
            "public_key_fingerprint_md5": "e9:11:a2:a1:8a:8e:09:38:dd:51:e7:46:72:0f:10:8d",
            "public_key_openssh": "ssh-rsa AAAAB3NzaC1yc2EAAAADAQABAAACAQDcEKHfM2ISJSwEiMoEmqB3147VUDXxyqHZMdhoFEmxqWxHABRUAz+zdAu7CedtrspbRZi04bFncxda/jwLEvWk37u9z3wnxSPhr6R/bVSMj+AdIcBLYlHbJaraTiTU+XSzeyJ9u4sIWB/cpjZQYAfecK+bJSTzcAR4HwCq/oxwTl0FLU9Y9jXfnXat3Z4mxMSOAMgY/jPBAxGTL3XFUAOX1nEDFM7VE545X3zfomkPE8rBr3Mi4tc1KVqhVW8t/St9TeDivnBdFjO/mmn0NMDV+Q5+vVGMEzcUBWKiofupIpqEdNuVYFYR9fM9F3NkMNnT/HBqd9LZBUgfxyZ/7Cc2ceDWKYoTkq06bhmY6R7QACP7Hu6318Yvc7xLC283rMhSWwO6hx24N8TpKNEWUTO+tkQd4KZzZo4Yz93+AUPzDVrXsSmXj3hueQMPUDTz79bUvZzsgNlQP5CBZmK/sZXEV/lYf1kwnazPa8m3yhVZed22SdpCvDsyrOMd8m6wECrqjcGdRnojWciHDoX8bgCqxFGqjx1wX1xg8T3ZUF5d28384yJmyzCnb+9KvBybE+wD2Agce+XcgSG2Drv4Sg/TKcwm59uBixGf9qSaMK9xcEc+quuX/KTcsCYeJuDUm0cxYmyXz+ABRUvUkTA+YepaHMXmB9/1bpbkaIpYOjasiw==\n",
            "public_key_pem": "-----BEGIN PUBLIC KEY-----\nMIICIjANBgkqhkiG9w0BAQEFAAOCAg8AMIICCgKCAgEA3BCh3zNiEiUsBIjKBJqg\nd9eO1VA18cqh2THYaBRJsalsRwAUVAM/s3QLuwnnba7KW0WYtOGxZ3MXWv48CxL1\npN+7vc98J8Uj4a+kf21UjI/gHSHAS2JR2yWq2k4k1Pl0s3sifbuLCFgf3KY2UGAH\n3nCvmyUk83AEeB8Aqv6McE5dBS1PWPY13512rd2eJsTEjgDIGP4zwQMRky91xVAD\nl9ZxAxTO1ROeOV9836JpDxPKwa9zIuLXNSlaoVVvLf0rfU3g4r5wXRYzv5pp9DTA\n1fkOfr1RjBM3FAVioqH7qSKahHTblWBWEfXzPRdzZDDZ0/xwanfS2QVIH8cmf+wn\nNnHg1imKE5KtOm4ZmOke0AAj+x7ut9fGL3O8SwtvN6zIUlsDuocduDfE6SjRFlEz\nvrZEHeCmc2aOGM/d/gFD8w1a17Epl494bnkDD1A08+/W1L2c7IDZUD+QgWZiv7GV\nxFf5WH9ZMJ2sz2vJt8oVWXndtknaQrw7MqzjHfJusBAq6o3BnUZ6I1nIhw6F/G4A\nqsRRqo8dcF9cYPE92VBeXdvN/OMiZsswp2/vSrwcmxPsA9gIHHvl3IEhtg67+EoP\n0ynMJufbgYsRn/akmjCvcXBHPqrrl/yk3LAmHibg1JtHMWJsl8/gAUVL1JEwPmHq\nWhzF5gff9W6W5GiKWDo2rIsCAwEAAQ==\n-----END PUBLIC KEY-----\n",
            "rsa_bits": 4096
          },
          "sensitive_attributes": [],
          "private": "bnVsbA=="
        }
      ]
    }
  ]
}
